
Microsoft Visual Studio Solution File, Format Version 12.00
# Visual Studio Version 17
VisualStudioVersion = 17.6.33815.320
MinimumVisualStudioVersion = 10.0.40219.1
Project("{FAE04EC0-301F-11D3-BF4B-00C04F79EFBC}") = "EFCore.DataBaseFirst", "EFCore.DataBaseFirst\EFCore.DataBaseFirst.csproj", "{D2A018A0-A109-432E-9E81-4C28D7A2070A}"
EndProject
Project("{FAE04EC0-301F-11D3-BF4B-00C04F79EFBC}") = "EFCore.DataBaseFirstByScaffold", "EFCore.DataBaseFirstByScaffold\EFCore.DataBaseFirstByScaffold.csproj", "{42079DF0-8567-4672-985B-A456357B74E4}"
EndProject
Global
	GlobalSection(SolutionConfigurationPlatforms) = preSolution
		Debug|Any CPU = Debug|Any CPU
		Release|Any CPU = Release|Any CPU
	EndGlobalSection
	GlobalSection(ProjectConfigurationPlatforms) = postSolution
		{D2A018A0-A109-432E-9E81-4C28D7A2070A}.Debug|Any CPU.ActiveCfg = Debug|Any CPU
		{D2A018A0-A109-432E-9E81-4C28D7A2070A}.Debug|Any CPU.Build.0 = Debug|Any CPU
		{D2A018A0-A109-432E-9E81-4C28D7A2070A}.Release|Any CPU.ActiveCfg = Release|Any CPU
		{D2A018A0-A109-432E-9E81-4C28D7A2070A}.Release|Any CPU.Build.0 = Release|Any CPU
		{42079DF0-8567-4672-985B-A456357B74E4}.Debug|Any CPU.ActiveCfg = Debug|Any CPU
		{42079DF0-8567-4672-985B-A456357B74E4}.Debug|Any CPU.Build.0 = Debug|Any CPU
		{42079DF0-8567-4672-985B-A456357B74E4}.Release|Any CPU.ActiveCfg = Release|Any CPU
		{42079DF0-8567-4672-985B-A456357B74E4}.Release|Any CPU.Build.0 = Release|Any CPU
	EndGlobalSection
	GlobalSection(SolutionProperties) = preSolution
		HideSolutionNode = FALSE
	EndGlobalSection
	GlobalSection(ExtensibilityGlobals) = postSolution
		SolutionGuid = {D8C8D294-E993-45E4-9A17-167AD93A3786}
	EndGlobalSection
EndGlobal
